
Microsoft Visual Studio Solution File, Format Version 12.00
# Visual Studio Version 17
VisualStudioVersion = 17.5.33627.172
MinimumVisualStudioVersion = 10.0.40219.1
Project("{9A19103F-16F7-4668-BE54-9A1E7A4F7556}") = "Hilos", "Hilos\Hilos.csproj", "{F26D9275-0CF2-45B5-A81A-32D54AA64BCB}"
EndProject
Project("{9A19103F-16F7-4668-BE54-9A1E7A4F7556}") = "TestHilos", "TestHilos\TestHilos.csproj", "{0B3F5E28-A3B4-41D1-838F-626A78C04608}"
EndProject
Project("{FAE04EC0-301F-11D3-BF4B-00C04F79EFBC}") = "Entidades", "Entidades\Entidades.csproj", "{71178EF9-BAC4-40DE-985A-1133ED5148A9}"
EndProject
Global
	GlobalSection(SolutionConfigurationPlatforms) = preSolution
		Debug|Any CPU = Debug|Any CPU
		Release|Any CPU = Release|Any CPU
	EndGlobalSection
	GlobalSection(ProjectConfigurationPlatforms) = postSolution
		{F26D9275-0CF2-45B5-A81A-32D54AA64BCB}.Debug|Any CPU.ActiveCfg = Debug|Any CPU
		{F26D9275-0CF2-45B5-A81A-32D54AA64BCB}.Debug|Any CPU.Build.0 = Debug|Any CPU
		{F26D9275-0CF2-45B5-A81A-32D54AA64BCB}.Release|Any CPU.ActiveCfg = Release|Any CPU
		{F26D9275-0CF2-45B5-A81A-32D54AA64BCB}.Release|Any CPU.Build.0 = Release|Any CPU
		{0B3F5E28-A3B4-41D1-838F-626A78C04608}.Debug|Any CPU.ActiveCfg = Debug|Any CPU
		{0B3F5E28-A3B4-41D1-838F-626A78C04608}.Debug|Any CPU.Build.0 = Debug|Any CPU
		{0B3F5E28-A3B4-41D1-838F-626A78C04608}.Release|Any CPU.ActiveCfg = Release|Any CPU
		{0B3F5E28-A3B4-41D1-838F-626A78C04608}.Release|Any CPU.Build.0 = Release|Any CPU
		{71178EF9-BAC4-40DE-985A-1133ED5148A9}.Debug|Any CPU.ActiveCfg = Debug|Any CPU
		{71178EF9-BAC4-40DE-985A-1133ED5148A9}.Debug|Any CPU.Build.0 = Debug|Any CPU
		{71178EF9-BAC4-40DE-985A-1133ED5148A9}.Release|Any CPU.ActiveCfg = Release|Any CPU
		{71178EF9-BAC4-40DE-985A-1133ED5148A9}.Release|Any CPU.Build.0 = Release|Any CPU
	EndGlobalSection
	GlobalSection(SolutionProperties) = preSolution
		HideSolutionNode = FALSE
	EndGlobalSection
	GlobalSection(ExtensibilityGlobals) = postSolution
		SolutionGuid = {A89BD218-546E-48A9-96CA-10C819436143}
	EndGlobalSection
EndGlobal
